
Microsoft Visual Studio Solution File, Format Version 12.00
# Visual Studio 14
VisualStudioVersion = 14.0.25420.1
MinimumVisualStudioVersion = 10.0.40219.1
Project("{2150E333-8FDC-42A3-9474-1A3956D46DE8}") = "1. Presentacion", "1. Presentacion", "{0CDC4AC6-BCC0-42EF-839E-8AA04D7B910D}"
EndProject
Project("{2150E333-8FDC-42A3-9474-1A3956D46DE8}") = "2. Aplicacion", "2. Aplicacion", "{B21C05A8-B4A5-4F69-9279-093C625518F4}"
EndProject
Project("{2150E333-8FDC-42A3-9474-1A3956D46DE8}") = "3. Dominio", "3. Dominio", "{C7DFBE82-89D6-4FC6-B4D0-27C292A7DD5A}"
EndProject
Project("{2150E333-8FDC-42A3-9474-1A3956D46DE8}") = "4. Infrastructure", "4. Infrastructure", "{E10463BF-69C3-4F96-BC74-E092BEA3AA24}"
EndProject
Project("{FAE04EC0-301F-11D3-BF4B-00C04F79EFBC}") = "Banking.Domain.Entity", "Banking.Domain.Entity\Banking.Domain.Entity.csproj", "{A6EFF12B-49C8-4002-86FF-EA0403F311E3}"
EndProject
Project("{2150E333-8FDC-42A3-9474-1A3956D46DE8}") = "2.1 Common", "2.1 Common", "{C5CDFC68-ACEC-479C-AFCC-E0554620166D}"
EndProject
Project("{2150E333-8FDC-42A3-9474-1A3956D46DE8}") = "3.2 Service", "3.2 Service", "{626C3891-021F-4CF3-AFAD-355CA6ED7F9D}"
EndProject
Project("{FAE04EC0-301F-11D3-BF4B-00C04F79EFBC}") = "Banking.Domain.Transactions", "Banking.Domain.Transactions\Banking.Domain.Transactions.csproj", "{D15AF4CA-03D6-401A-A621-FE1C642A7410}"
EndProject
Project("{2150E333-8FDC-42A3-9474-1A3956D46DE8}") = "3.1 Entity", "3.1 Entity", "{A3ED48D7-379F-4FE4-8609-739E0CC15C35}"
EndProject
Project("{2150E333-8FDC-42A3-9474-1A3956D46DE8}") = "3.3 Repository", "3.3 Repository", "{F7723E6D-3C4C-4849-94A7-89C1627C05B1}"
EndProject
Project("{FAE04EC0-301F-11D3-BF4B-00C04F79EFBC}") = "Banking.Application.Exceptions", "Banking.Domain.Exceptions\Banking.Application.Exceptions.csproj", "{ADF4FD35-6371-4EC4-8681-8A850AF0ECD4}"
EndProject
Project("{FAE04EC0-301F-11D3-BF4B-00C04F79EFBC}") = "Banking.Application.Notification", "Banking.Domain.Notification\Banking.Application.Notification.csproj", "{34B76D86-6ED0-47C8-8C38-A14FDD7F639C}"
EndProject
Project("{FAE04EC0-301F-11D3-BF4B-00C04F79EFBC}") = "Banking.Domain.Repository", "Banking.Domain.Repository\Banking.Domain.Repository.csproj", "{95C930F0-E56F-45C1-BAF7-BECBCA0313AE}"
EndProject
Project("{2150E333-8FDC-42A3-9474-1A3956D46DE8}") = "5. Test", "5. Test", "{B6ADD600-B328-464D-88F4-3FAFE17F3E14}"
EndProject
Project("{2150E333-8FDC-42A3-9474-1A3956D46DE8}") = "5.1 Service", "5.1 Service", "{B154D20F-EA32-4F14-AA26-EBA3BC495D6C}"
EndProject
Project("{FAE04EC0-301F-11D3-BF4B-00C04F79EFBC}") = "Banking.Domain.Service.Test", "Banking.Domain.Service.Test\Banking.Domain.Service.Test.csproj", "{4EE7E010-3EFC-4C97-A9F6-4C1296F2433E}"
EndProject
Project("{2150E333-8FDC-42A3-9474-1A3956D46DE8}") = "2.2 Dto", "2.2 Dto", "{5562773A-212F-4728-8362-061546296EA1}"
EndProject
Project("{FAE04EC0-301F-11D3-BF4B-00C04F79EFBC}") = "Banking.Application.Dto", "Banking.Application.Dto\Banking.Application.Dto.csproj", "{E64C6F58-D57E-419F-8822-59FA093E2059}"
EndProject
Project("{FAE04EC0-301F-11D3-BF4B-00C04F79EFBC}") = "Banking.Api", "Banking.Api\Banking.Api.csproj", "{B003EB0C-1CBE-4BB4-8499-2263AB0B2062}"
EndProject
Project("{2150E333-8FDC-42A3-9474-1A3956D46DE8}") = "2.3 Service", "2.3 Service", "{2CDBD2DE-A6B7-4C5B-9052-C4A4E4891926}"
EndProject
Project("{FAE04EC0-301F-11D3-BF4B-00C04F79EFBC}") = "Banking.Application.Service", "Banking.Application.Service\Banking.Application.Service.csproj", "{F028AAB1-78F4-4AA3-8040-970B087CF1F4}"
EndProject
Project("{2150E333-8FDC-42A3-9474-1A3956D46DE8}") = "4.1 Common", "4.1 Common", "{3251B9D8-51DD-4C41-BA5A-073362A83C5E}"
EndProject
Project("{2150E333-8FDC-42A3-9474-1A3956D46DE8}") = "4.2 Repository", "4.2 Repository", "{4A364DA8-FD69-4073-98AC-B62A1CF09270}"
EndProject
Project("{FAE04EC0-301F-11D3-BF4B-00C04F79EFBC}") = "Banking.Infrastructure.Common", "Banking.Infrastructure.Common\Banking.Infrastructure.Common.csproj", "{6F6562DA-F7D1-427E-9437-978AE4DFF332}"
EndProject
Project("{FAE04EC0-301F-11D3-BF4B-00C04F79EFBC}") = "Banking.Infrastructure.EntityFramework", "Banking.Infrastructure.EntityFramework\Banking.Infrastructure.EntityFramework.csproj", "{6E186527-C45F-4923-801F-24ED8E310B1B}"
EndProject
Global
	GlobalSection(SolutionConfigurationPlatforms) = preSolution
		Debug|Any CPU = Debug|Any CPU
		Release|Any CPU = Release|Any CPU
	EndGlobalSection
	GlobalSection(ProjectConfigurationPlatforms) = postSolution
		{A6EFF12B-49C8-4002-86FF-EA0403F311E3}.Debug|Any CPU.ActiveCfg = Debug|Any CPU
		{A6EFF12B-49C8-4002-86FF-EA0403F311E3}.Debug|Any CPU.Build.0 = Debug|Any CPU
		{A6EFF12B-49C8-4002-86FF-EA0403F311E3}.Release|Any CPU.ActiveCfg = Release|Any CPU
		{A6EFF12B-49C8-4002-86FF-EA0403F311E3}.Release|Any CPU.Build.0 = Release|Any CPU
		{D15AF4CA-03D6-401A-A621-FE1C642A7410}.Debug|Any CPU.ActiveCfg = Debug|Any CPU
		{D15AF4CA-03D6-401A-A621-FE1C642A7410}.Debug|Any CPU.Build.0 = Debug|Any CPU
		{D15AF4CA-03D6-401A-A621-FE1C642A7410}.Release|Any CPU.ActiveCfg = Release|Any CPU
		{D15AF4CA-03D6-401A-A621-FE1C642A7410}.Release|Any CPU.Build.0 = Release|Any CPU
		{ADF4FD35-6371-4EC4-8681-8A850AF0ECD4}.Debug|Any CPU.ActiveCfg = Debug|Any CPU
		{ADF4FD35-6371-4EC4-8681-8A850AF0ECD4}.Debug|Any CPU.Build.0 = Debug|Any CPU
		{ADF4FD35-6371-4EC4-8681-8A850AF0ECD4}.Release|Any CPU.ActiveCfg = Release|Any CPU
		{ADF4FD35-6371-4EC4-8681-8A850AF0ECD4}.Release|Any CPU.Build.0 = Release|Any CPU
		{34B76D86-6ED0-47C8-8C38-A14FDD7F639C}.Debug|Any CPU.ActiveCfg = Debug|Any CPU
		{34B76D86-6ED0-47C8-8C38-A14FDD7F639C}.Debug|Any CPU.Build.0 = Debug|Any CPU
		{34B76D86-6ED0-47C8-8C38-A14FDD7F639C}.Release|Any CPU.ActiveCfg = Release|Any CPU
		{34B76D86-6ED0-47C8-8C38-A14FDD7F639C}.Release|Any CPU.Build.0 = Release|Any CPU
		{95C930F0-E56F-45C1-BAF7-BECBCA0313AE}.Debug|Any CPU.ActiveCfg = Debug|Any CPU
		{95C930F0-E56F-45C1-BAF7-BECBCA0313AE}.Debug|Any CPU.Build.0 = Debug|Any CPU
		{95C930F0-E56F-45C1-BAF7-BECBCA0313AE}.Release|Any CPU.ActiveCfg = Release|Any CPU
		{95C930F0-E56F-45C1-BAF7-BECBCA0313AE}.Release|Any CPU.Build.0 = Release|Any CPU
		{4EE7E010-3EFC-4C97-A9F6-4C1296F2433E}.Debug|Any CPU.ActiveCfg = Debug|Any CPU
		{4EE7E010-3EFC-4C97-A9F6-4C1296F2433E}.Debug|Any CPU.Build.0 = Debug|Any CPU
		{4EE7E010-3EFC-4C97-A9F6-4C1296F2433E}.Release|Any CPU.ActiveCfg = Release|Any CPU
		{4EE7E010-3EFC-4C97-A9F6-4C1296F2433E}.Release|Any CPU.Build.0 = Release|Any CPU
		{E64C6F58-D57E-419F-8822-59FA093E2059}.Debug|Any CPU.ActiveCfg = Debug|Any CPU
		{E64C6F58-D57E-419F-8822-59FA093E2059}.Debug|Any CPU.Build.0 = Debug|Any CPU
		{E64C6F58-D57E-419F-8822-59FA093E2059}.Release|Any CPU.ActiveCfg = Release|Any CPU
		{E64C6F58-D57E-419F-8822-59FA093E2059}.Release|Any CPU.Build.0 = Release|Any CPU
		{B003EB0C-1CBE-4BB4-8499-2263AB0B2062}.Debug|Any CPU.ActiveCfg = Debug|Any CPU
		{B003EB0C-1CBE-4BB4-8499-2263AB0B2062}.Debug|Any CPU.Build.0 = Debug|Any CPU
		{B003EB0C-1CBE-4BB4-8499-2263AB0B2062}.Release|Any CPU.ActiveCfg = Release|Any CPU
		{B003EB0C-1CBE-4BB4-8499-2263AB0B2062}.Release|Any CPU.Build.0 = Release|Any CPU
		{F028AAB1-78F4-4AA3-8040-970B087CF1F4}.Debug|Any CPU.ActiveCfg = Debug|Any CPU
		{F028AAB1-78F4-4AA3-8040-970B087CF1F4}.Debug|Any CPU.Build.0 = Debug|Any CPU
		{F028AAB1-78F4-4AA3-8040-970B087CF1F4}.Release|Any CPU.ActiveCfg = Release|Any CPU
		{F028AAB1-78F4-4AA3-8040-970B087CF1F4}.Release|Any CPU.Build.0 = Release|Any CPU
		{6F6562DA-F7D1-427E-9437-978AE4DFF332}.Debug|Any CPU.ActiveCfg = Debug|Any CPU
		{6F6562DA-F7D1-427E-9437-978AE4DFF332}.Debug|Any CPU.Build.0 = Debug|Any CPU
		{6F6562DA-F7D1-427E-9437-978AE4DFF332}.Release|Any CPU.ActiveCfg = Release|Any CPU
		{6F6562DA-F7D1-427E-9437-978AE4DFF332}.Release|Any CPU.Build.0 = Release|Any CPU
		{6E186527-C45F-4923-801F-24ED8E310B1B}.Debug|Any CPU.ActiveCfg = Debug|Any CPU
		{6E186527-C45F-4923-801F-24ED8E310B1B}.Debug|Any CPU.Build.0 = Debug|Any CPU
		{6E186527-C45F-4923-801F-24ED8E310B1B}.Release|Any CPU.ActiveCfg = Release|Any CPU
		{6E186527-C45F-4923-801F-24ED8E310B1B}.Release|Any CPU.Build.0 = Release|Any CPU
	EndGlobalSection
	GlobalSection(SolutionProperties) = preSolution
		HideSolutionNode = FALSE
	EndGlobalSection
	GlobalSection(NestedProjects) = preSolution
		{A6EFF12B-49C8-4002-86FF-EA0403F311E3} = {A3ED48D7-379F-4FE4-8609-739E0CC15C35}
		{C5CDFC68-ACEC-479C-AFCC-E0554620166D} = {B21C05A8-B4A5-4F69-9279-093C625518F4}
		{626C3891-021F-4CF3-AFAD-355CA6ED7F9D} = {C7DFBE82-89D6-4FC6-B4D0-27C292A7DD5A}
		{D15AF4CA-03D6-401A-A621-FE1C642A7410} = {626C3891-021F-4CF3-AFAD-355CA6ED7F9D}
		{A3ED48D7-379F-4FE4-8609-739E0CC15C35} = {C7DFBE82-89D6-4FC6-B4D0-27C292A7DD5A}
		{F7723E6D-3C4C-4849-94A7-89C1627C05B1} = {C7DFBE82-89D6-4FC6-B4D0-27C292A7DD5A}
		{ADF4FD35-6371-4EC4-8681-8A850AF0ECD4} = {C5CDFC68-ACEC-479C-AFCC-E0554620166D}
		{34B76D86-6ED0-47C8-8C38-A14FDD7F639C} = {C5CDFC68-ACEC-479C-AFCC-E0554620166D}
		{95C930F0-E56F-45C1-BAF7-BECBCA0313AE} = {F7723E6D-3C4C-4849-94A7-89C1627C05B1}
		{B154D20F-EA32-4F14-AA26-EBA3BC495D6C} = {B6ADD600-B328-464D-88F4-3FAFE17F3E14}
		{4EE7E010-3EFC-4C97-A9F6-4C1296F2433E} = {B154D20F-EA32-4F14-AA26-EBA3BC495D6C}
		{5562773A-212F-4728-8362-061546296EA1} = {B21C05A8-B4A5-4F69-9279-093C625518F4}
		{E64C6F58-D57E-419F-8822-59FA093E2059} = {5562773A-212F-4728-8362-061546296EA1}
		{B003EB0C-1CBE-4BB4-8499-2263AB0B2062} = {0CDC4AC6-BCC0-42EF-839E-8AA04D7B910D}
		{2CDBD2DE-A6B7-4C5B-9052-C4A4E4891926} = {B21C05A8-B4A5-4F69-9279-093C625518F4}
		{F028AAB1-78F4-4AA3-8040-970B087CF1F4} = {2CDBD2DE-A6B7-4C5B-9052-C4A4E4891926}
		{3251B9D8-51DD-4C41-BA5A-073362A83C5E} = {E10463BF-69C3-4F96-BC74-E092BEA3AA24}
		{4A364DA8-FD69-4073-98AC-B62A1CF09270} = {E10463BF-69C3-4F96-BC74-E092BEA3AA24}
		{6F6562DA-F7D1-427E-9437-978AE4DFF332} = {3251B9D8-51DD-4C41-BA5A-073362A83C5E}
		{6E186527-C45F-4923-801F-24ED8E310B1B} = {4A364DA8-FD69-4073-98AC-B62A1CF09270}
	EndGlobalSection
EndGlobal
